
Microsoft Visual Studio Solution File, Format Version 11.00
# Visual Studio 2010
Project("{FAE04EC0-301F-11D3-BF4B-00C04F79EFBC}") = "LogCodeActivity", "LogCodeActivity\LogCodeActivity.csproj", "{BCC6B0BB-D226-46A0-932F-B50642B7B660}"
EndProject
Project("{FAE04EC0-301F-11D3-BF4B-00C04F79EFBC}") = "Prompt", "Prompt\Prompt.csproj", "{387E4B58-9E99-45ED-BEF9-06FB7B4348F0}"
EndProject
Global
	GlobalSection(SolutionConfigurationPlatforms) = preSolution
		Debug|Any CPU = Debug|Any CPU
		Release|Any CPU = Release|Any CPU
	EndGlobalSection
	GlobalSection(ProjectConfigurationPlatforms) = postSolution
		{BCC6B0BB-D226-46A0-932F-B50642B7B660}.Debug|Any CPU.ActiveCfg = Debug|Any CPU
		{BCC6B0BB-D226-46A0-932F-B50642B7B660}.Debug|Any CPU.Build.0 = Debug|Any CPU
		{BCC6B0BB-D226-46A0-932F-B50642B7B660}.Release|Any CPU.ActiveCfg = Release|Any CPU
		{BCC6B0BB-D226-46A0-932F-B50642B7B660}.Release|Any CPU.Build.0 = Release|Any CPU
		{387E4B58-9E99-45ED-BEF9-06FB7B4348F0}.Debug|Any CPU.ActiveCfg = Debug|Any CPU
		{387E4B58-9E99-45ED-BEF9-06FB7B4348F0}.Debug|Any CPU.Build.0 = Debug|Any CPU
		{387E4B58-9E99-45ED-BEF9-06FB7B4348F0}.Release|Any CPU.ActiveCfg = Release|Any CPU
		{387E4B58-9E99-45ED-BEF9-06FB7B4348F0}.Release|Any CPU.Build.0 = Release|Any CPU
	EndGlobalSection
	GlobalSection(SolutionProperties) = preSolution
		HideSolutionNode = FALSE
	EndGlobalSection
EndGlobal
